
Microsoft Visual Studio Solution File, Format Version 12.00
# Visual Studio 2015
Project("{FAE04EC0-301F-11D3-BF4B-00C04F79EFBC}") = "Unity-BlockBreaker.CSharp", "Unity-BlockBreaker.CSharp.csproj", "{F327F69C-63C1-7B4E-E0CE-07F7BA348EF7}"
EndProject
Global
	GlobalSection(SolutionConfigurationPlatforms) = preSolution
		Debug|Any CPU = Debug|Any CPU
		Release|Any CPU = Release|Any CPU
	EndGlobalSection
	GlobalSection(ProjectConfigurationPlatforms) = postSolution
		{F327F69C-63C1-7B4E-E0CE-07F7BA348EF7}.Debug|Any CPU.ActiveCfg = Debug|Any CPU
		{F327F69C-63C1-7B4E-E0CE-07F7BA348EF7}.Debug|Any CPU.Build.0 = Debug|Any CPU
		{F327F69C-63C1-7B4E-E0CE-07F7BA348EF7}.Release|Any CPU.ActiveCfg = Release|Any CPU
		{F327F69C-63C1-7B4E-E0CE-07F7BA348EF7}.Release|Any CPU.Build.0 = Release|Any CPU
	EndGlobalSection
	GlobalSection(SolutionProperties) = preSolution
		HideSolutionNode = FALSE
	EndGlobalSection
EndGlobal
